# This file was autogenerated by Stack.
# You should not edit this file by hand.
# For more information, please see the documentation at:
#   https://docs.haskellstack.org/en/stable/lock_files

packages: []
snapshots:
- completed:
    size: 423189
    url: https://raw.githubusercontent.com/commercialhaskell/stackage-snapshots/master/lts/7/15.yaml
    sha256: dc10ab8c06f30bd5b36b89ccb411aef1957038c3a3c9c8c6d12920801fba6076
  original: lts-7.15
